# THIS IS AN AUTOGENERATED FILE. DO NOT EDIT THIS FILE DIRECTLY.
# yarn lockfile v1


"@types/node@^7.0.5":
  version "7.0.5"
  resolved "https://registry.yarnpkg.com/@types/node/-/node-7.0.5.tgz#96a0f0a618b7b606f1ec547403c00650210bfbb7"

csprng@^0.1.2:
  version "0.1.2"
  resolved "https://registry.yarnpkg.com/csprng/-/csprng-0.1.2.tgz#4bc68f12fa368d252a59841cbaca974b18ab45e2"
  dependencies:
    sequin "*"

node@^0.0.0:
  version "0.0.0"
  resolved "https://registry.yarnpkg.com/node/-/node-0.0.0.tgz#288d62f90530c763eff8d4831ee7343ab3d60793"

sequin@*:
  version "0.1.0"
  resolved "https://registry.yarnpkg.com/sequin/-/sequin-0.1.0.tgz#17c5566d9d555413aa12fc8bc96ed309c80e0aad"
